{
  "version": "3",
  "packages": {
    "specifiers": {
      "jsr:@std/assert@1.0.4": "jsr:@std/assert@1.0.4",
      "jsr:@std/assert@^1.0.4": "jsr:@std/assert@1.0.4",
      "jsr:@std/internal@^1.0.3": "jsr:@std/internal@1.0.3",
      "jsr:@std/testing@1.0.2": "jsr:@std/testing@1.0.2"
    },
    "jsr": {
      "@std/assert@1.0.4": {
        "integrity": "d4c767ea578e5bc09c15b6e503376003e5b2d1f4c0cdf08524a92101ff4d7b96",
        "dependencies": [
          "jsr:@std/internal@^1.0.3"
        ]
      },
      "@std/internal@1.0.3": {
        "integrity": "208e9b94a3d5649bd880e9ca38b885ab7651ab5b5303a56ed25de4755fb7b11e"
      },
      "@std/testing@1.0.2": {
        "integrity": "9e8a7f4e26c219addabe7942d09c3450fa0a74e9662341961bc0ef502274dec3",
        "dependencies": [
          "jsr:@std/assert@^1.0.4"
        ]
      }
    }
  },
  "remote": {}
}
